
Microsoft Visual Studio Solution File, Format Version 12.00
# Visual Studio 15
VisualStudioVersion = 15.0.27130.2026
MinimumVisualStudioVersion = 10.0.40219.1
Project("{9A19103F-16F7-4668-BE54-9A1E7A4F7556}") = "KeyVault.Core", "KeyVaultSecrets\KeyVault.Core.csproj", "{4BAA427F-0DD5-47EA-8BAD-402A63895203}"
EndProject
Project("{FAE04EC0-301F-11D3-BF4B-00C04F79EFBC}") = "KeyVault.Console", "Console\KeyVault.Console.csproj", "{EA735C54-ECF5-4188-ABAE-268A97BF1C1A}"
EndProject
Global
	GlobalSection(SolutionConfigurationPlatforms) = preSolution
		Debug|Any CPU = Debug|Any CPU
		Release|Any CPU = Release|Any CPU
	EndGlobalSection
	GlobalSection(ProjectConfigurationPlatforms) = postSolution
		{4BAA427F-0DD5-47EA-8BAD-402A63895203}.Debug|Any CPU.ActiveCfg = Debug|Any CPU
		{4BAA427F-0DD5-47EA-8BAD-402A63895203}.Debug|Any CPU.Build.0 = Debug|Any CPU
		{4BAA427F-0DD5-47EA-8BAD-402A63895203}.Release|Any CPU.ActiveCfg = Release|Any CPU
		{4BAA427F-0DD5-47EA-8BAD-402A63895203}.Release|Any CPU.Build.0 = Release|Any CPU
		{EA735C54-ECF5-4188-ABAE-268A97BF1C1A}.Debug|Any CPU.ActiveCfg = Debug|Any CPU
		{EA735C54-ECF5-4188-ABAE-268A97BF1C1A}.Debug|Any CPU.Build.0 = Debug|Any CPU
		{EA735C54-ECF5-4188-ABAE-268A97BF1C1A}.Release|Any CPU.ActiveCfg = Release|Any CPU
		{EA735C54-ECF5-4188-ABAE-268A97BF1C1A}.Release|Any CPU.Build.0 = Release|Any CPU
	EndGlobalSection
	GlobalSection(SolutionProperties) = preSolution
		HideSolutionNode = FALSE
	EndGlobalSection
	GlobalSection(ExtensibilityGlobals) = postSolution
		SolutionGuid = {68B68D84-685A-4CC4-8608-F1B26AAEFF40}
	EndGlobalSection
EndGlobal
