
Microsoft Visual Studio Solution File, Format Version 12.00
# Visual Studio 15
VisualStudioVersion = 15.0.27130.2026
MinimumVisualStudioVersion = 10.0.40219.1
Project("{FAE04EC0-301F-11D3-BF4B-00C04F79EFBC}") = "KeyVault.Core", "Core\KeyVault.Core.csproj", "{A85EE5C9-628C-4BB9-880E-E40A8962C3FA}"
EndProject
Project("{FAE04EC0-301F-11D3-BF4B-00C04F79EFBC}") = "KeyVault.Console", "Console\KeyVault.Console.csproj", "{46407D80-C94C-4C48-AEA6-9F7035CDEF58}"
EndProject
Global
	GlobalSection(SolutionConfigurationPlatforms) = preSolution
		Debug|Any CPU = Debug|Any CPU
		Release|Any CPU = Release|Any CPU
	EndGlobalSection
	GlobalSection(ProjectConfigurationPlatforms) = postSolution
		{A85EE5C9-628C-4BB9-880E-E40A8962C3FA}.Debug|Any CPU.ActiveCfg = Debug|Any CPU
		{A85EE5C9-628C-4BB9-880E-E40A8962C3FA}.Debug|Any CPU.Build.0 = Debug|Any CPU
		{A85EE5C9-628C-4BB9-880E-E40A8962C3FA}.Release|Any CPU.ActiveCfg = Release|Any CPU
		{A85EE5C9-628C-4BB9-880E-E40A8962C3FA}.Release|Any CPU.Build.0 = Release|Any CPU
		{46407D80-C94C-4C48-AEA6-9F7035CDEF58}.Debug|Any CPU.ActiveCfg = Debug|Any CPU
		{46407D80-C94C-4C48-AEA6-9F7035CDEF58}.Debug|Any CPU.Build.0 = Debug|Any CPU
		{46407D80-C94C-4C48-AEA6-9F7035CDEF58}.Release|Any CPU.ActiveCfg = Release|Any CPU
		{46407D80-C94C-4C48-AEA6-9F7035CDEF58}.Release|Any CPU.Build.0 = Release|Any CPU
	EndGlobalSection
	GlobalSection(SolutionProperties) = preSolution
		HideSolutionNode = FALSE
	EndGlobalSection
	GlobalSection(ExtensibilityGlobals) = postSolution
		SolutionGuid = {5FCD3B5F-4CFE-4841-B587-FCBFA67C196F}
	EndGlobalSection
EndGlobal
